Microsoft Visual Studio Solution File, Format Version 11.00
# Visual Studio 2008

Project("{1AAAEAFA-30BC-E97C-F18E-A67CE034C0F0}") = "CRUMBLE - Copy (2)", "Assembly-CSharp.csproj", "{73BA24FC-05A9-522A-95F4-EE4B435E6E84}"
EndProject
Global
	GlobalSection(SolutionConfigurationPlatforms) = preSolution
		Debug|Any CPU = Debug|Any CPU
		Release|Any CPU = Release|Any CPU
	EndGlobalSection
	GlobalSection(ProjectConfigurationPlatforms) = postSolution
		{73BA24FC-05A9-522A-95F4-EE4B435E6E84}.Debug|Any CPU.ActiveCfg = Debug|Any CPU
		{73BA24FC-05A9-522A-95F4-EE4B435E6E84}.Debug|Any CPU.Build.0 = Debug|Any CPU
		{73BA24FC-05A9-522A-95F4-EE4B435E6E84}.Release|Any CPU.ActiveCfg = Release|Any CPU
		{73BA24FC-05A9-522A-95F4-EE4B435E6E84}.Release|Any CPU.Build.0 = Release|Any CPU
	EndGlobalSection
	GlobalSection(SolutionProperties) = preSolution
		HideSolutionNode = FALSE
	EndGlobalSection
	GlobalSection(MonoDevelopProperties) = preSolution
		StartupItem = Assembly-CSharp.csproj
	EndGlobalSection
EndGlobal
